
Microsoft Visual Studio Solution File, Format Version 12.00
# Visual Studio Version 17
VisualStudioVersion = 17.9.34723.18
MinimumVisualStudioVersion = 10.0.40219.1
Project("{FAE04EC0-301F-11D3-BF4B-00C04F79EFBC}") = "Lab1_KulikovVar10", "Lab1_KulikovVar10\Lab1_KulikovVar10.csproj", "{5578ECA0-4192-4D3A-9C75-87A827D76DE4}"
EndProject
Global
	GlobalSection(SolutionConfigurationPlatforms) = preSolution
		Debug|Any CPU = Debug|Any CPU
		Release|Any CPU = Release|Any CPU
	EndGlobalSection
	GlobalSection(ProjectConfigurationPlatforms) = postSolution
		{5578ECA0-4192-4D3A-9C75-87A827D76DE4}.Debug|Any CPU.ActiveCfg = Debug|Any CPU
		{5578ECA0-4192-4D3A-9C75-87A827D76DE4}.Debug|Any CPU.Build.0 = Debug|Any CPU
		{5578ECA0-4192-4D3A-9C75-87A827D76DE4}.Release|Any CPU.ActiveCfg = Release|Any CPU
		{5578ECA0-4192-4D3A-9C75-87A827D76DE4}.Release|Any CPU.Build.0 = Release|Any CPU
	EndGlobalSection
	GlobalSection(SolutionProperties) = preSolution
		HideSolutionNode = FALSE
	EndGlobalSection
	GlobalSection(ExtensibilityGlobals) = postSolution
		SolutionGuid = {1AD81B3F-1A91-43AE-8572-03A3EDB3C592}
	EndGlobalSection
EndGlobal
